
Microsoft Visual Studio Solution File, Format Version 12.00
# Visual Studio 14
VisualStudioVersion = 14.0.24720.0
MinimumVisualStudioVersion = 10.0.40219.1
Project("{FAE04EC0-301F-11D3-BF4B-00C04F79EFBC}") = "TestMVC", "TestMVC\TestMVC.csproj", "{211C2A61-6AB2-4B96-8E3A-0B38FC8D035D}"
EndProject
Project("{2150E333-8FDC-42A3-9474-1A3956D46DE8}") = "Service", "Service", "{DB7E083A-D150-4DBE-8897-5166D6FAD053}"
EndProject
Project("{FAE04EC0-301F-11D3-BF4B-00C04F79EFBC}") = "App.Service", "App.Service\App.Service.csproj", "{34C13D85-6C3F-49C6-A7AA-20C959EDD9BC}"
EndProject
Project("{FAE04EC0-301F-11D3-BF4B-00C04F79EFBC}") = "App.Service.Impl", "App.Service.Impl\App.Service.Impl.csproj", "{9E90863B-F55D-4809-9944-F1E429770CE8}"
EndProject
Project("{2150E333-8FDC-42A3-9474-1A3956D46DE8}") = "Repository", "Repository", "{149882AD-4625-4314-A380-3573E8E1A902}"
EndProject
Project("{FAE04EC0-301F-11D3-BF4B-00C04F79EFBC}") = "App.Repository", "App.Repository\App.Repository.csproj", "{5AAC699A-4F21-4B4B-94BF-008F289A1531}"
EndProject
Project("{FAE04EC0-301F-11D3-BF4B-00C04F79EFBC}") = "App.Repository.Impl", "App.Repository.Impl\App.Repository.Impl.csproj", "{D95E04EE-5EDC-4F9F-BDAD-A2EBEC1A1EF4}"
EndProject
Project("{FAE04EC0-301F-11D3-BF4B-00C04F79EFBC}") = "App.Context", "App.Context\App.Context.csproj", "{9736F5DF-DBFF-40CC-8E53-17E2334B02CF}"
EndProject
Project("{FAE04EC0-301F-11D3-BF4B-00C04F79EFBC}") = "App.Entity", "App.Entity\App.Entity.csproj", "{326BAEB2-F377-4279-BC96-878880D392CC}"
EndProject
Global
	GlobalSection(SolutionConfigurationPlatforms) = preSolution
		Debug|Any CPU = Debug|Any CPU
		Release|Any CPU = Release|Any CPU
	EndGlobalSection
	GlobalSection(ProjectConfigurationPlatforms) = postSolution
		{211C2A61-6AB2-4B96-8E3A-0B38FC8D035D}.Debug|Any CPU.ActiveCfg = Debug|Any CPU
		{211C2A61-6AB2-4B96-8E3A-0B38FC8D035D}.Debug|Any CPU.Build.0 = Debug|Any CPU
		{211C2A61-6AB2-4B96-8E3A-0B38FC8D035D}.Release|Any CPU.ActiveCfg = Release|Any CPU
		{211C2A61-6AB2-4B96-8E3A-0B38FC8D035D}.Release|Any CPU.Build.0 = Release|Any CPU
		{34C13D85-6C3F-49C6-A7AA-20C959EDD9BC}.Debug|Any CPU.ActiveCfg = Debug|Any CPU
		{34C13D85-6C3F-49C6-A7AA-20C959EDD9BC}.Debug|Any CPU.Build.0 = Debug|Any CPU
		{34C13D85-6C3F-49C6-A7AA-20C959EDD9BC}.Release|Any CPU.ActiveCfg = Release|Any CPU
		{34C13D85-6C3F-49C6-A7AA-20C959EDD9BC}.Release|Any CPU.Build.0 = Release|Any CPU
		{9E90863B-F55D-4809-9944-F1E429770CE8}.Debug|Any CPU.ActiveCfg = Debug|Any CPU
		{9E90863B-F55D-4809-9944-F1E429770CE8}.Debug|Any CPU.Build.0 = Debug|Any CPU
		{9E90863B-F55D-4809-9944-F1E429770CE8}.Release|Any CPU.ActiveCfg = Release|Any CPU
		{9E90863B-F55D-4809-9944-F1E429770CE8}.Release|Any CPU.Build.0 = Release|Any CPU
		{5AAC699A-4F21-4B4B-94BF-008F289A1531}.Debug|Any CPU.ActiveCfg = Debug|Any CPU
		{5AAC699A-4F21-4B4B-94BF-008F289A1531}.Debug|Any CPU.Build.0 = Debug|Any CPU
		{5AAC699A-4F21-4B4B-94BF-008F289A1531}.Release|Any CPU.ActiveCfg = Release|Any CPU
		{5AAC699A-4F21-4B4B-94BF-008F289A1531}.Release|Any CPU.Build.0 = Release|Any CPU
		{D95E04EE-5EDC-4F9F-BDAD-A2EBEC1A1EF4}.Debug|Any CPU.ActiveCfg = Debug|Any CPU
		{D95E04EE-5EDC-4F9F-BDAD-A2EBEC1A1EF4}.Debug|Any CPU.Build.0 = Debug|Any CPU
		{D95E04EE-5EDC-4F9F-BDAD-A2EBEC1A1EF4}.Release|Any CPU.ActiveCfg = Release|Any CPU
		{D95E04EE-5EDC-4F9F-BDAD-A2EBEC1A1EF4}.Release|Any CPU.Build.0 = Release|Any CPU
		{9736F5DF-DBFF-40CC-8E53-17E2334B02CF}.Debug|Any CPU.ActiveCfg = Debug|Any CPU
		{9736F5DF-DBFF-40CC-8E53-17E2334B02CF}.Debug|Any CPU.Build.0 = Debug|Any CPU
		{9736F5DF-DBFF-40CC-8E53-17E2334B02CF}.Release|Any CPU.ActiveCfg = Release|Any CPU
		{9736F5DF-DBFF-40CC-8E53-17E2334B02CF}.Release|Any CPU.Build.0 = Release|Any CPU
		{326BAEB2-F377-4279-BC96-878880D392CC}.Debug|Any CPU.ActiveCfg = Debug|Any CPU
		{326BAEB2-F377-4279-BC96-878880D392CC}.Debug|Any CPU.Build.0 = Debug|Any CPU
		{326BAEB2-F377-4279-BC96-878880D392CC}.Release|Any CPU.ActiveCfg = Release|Any CPU
		{326BAEB2-F377-4279-BC96-878880D392CC}.Release|Any CPU.Build.0 = Release|Any CPU
	EndGlobalSection
	GlobalSection(SolutionProperties) = preSolution
		HideSolutionNode = FALSE
	EndGlobalSection
	GlobalSection(NestedProjects) = preSolution
		{34C13D85-6C3F-49C6-A7AA-20C959EDD9BC} = {DB7E083A-D150-4DBE-8897-5166D6FAD053}
		{9E90863B-F55D-4809-9944-F1E429770CE8} = {DB7E083A-D150-4DBE-8897-5166D6FAD053}
		{5AAC699A-4F21-4B4B-94BF-008F289A1531} = {149882AD-4625-4314-A380-3573E8E1A902}
		{D95E04EE-5EDC-4F9F-BDAD-A2EBEC1A1EF4} = {149882AD-4625-4314-A380-3573E8E1A902}
		{9736F5DF-DBFF-40CC-8E53-17E2334B02CF} = {149882AD-4625-4314-A380-3573E8E1A902}
		{326BAEB2-F377-4279-BC96-878880D392CC} = {149882AD-4625-4314-A380-3573E8E1A902}
	EndGlobalSection
EndGlobal
